
Microsoft Visual Studio Solution File, Format Version 12.00
# Visual Studio Version 17
VisualStudioVersion = 17.14.36623.8
MinimumVisualStudioVersion = 10.0.40219.1
Project("{8BC9CEB8-8B4A-11D0-8D11-00A0C91BC942}") = "ch-07", "ch-07\ch-07.vcxproj", "{F84FE9B5-319A-4040-A0BA-7F63822A7B44}"
EndProject
Project("{8BC9CEB8-8B4A-11D0-8D11-00A0C91BC942}") = "ch-07 Assignment", "ch-07 Assignment\ch-07 Assignment.vcxproj", "{C5C56101-50EE-49E5-B8DC-EBDCCCF8F775}"
EndProject
Project("{8BC9CEB8-8B4A-11D0-8D11-00A0C91BC942}") = "ch-08", "ch-08\ch-08.vcxproj", "{0CD5D436-65F4-4EF6-B6B7-AFB5C325D5A3}"
EndProject
Project("{8BC9CEB8-8B4A-11D0-8D11-00A0C91BC942}") = "ch-08 Assignment", "ch-08 Assignment\ch-08 Assignment.vcxproj", "{F2E7BC33-52BD-4EFF-843A-3D76CA33665A}"
EndProject
Project("{8BC9CEB8-8B4A-11D0-8D11-00A0C91BC942}") = "ch-09", "ch-09\ch-09.vcxproj", "{88EC1D57-2747-4550-9E88-23326B5708DC}"
EndProject
Project("{8BC9CEB8-8B4A-11D0-8D11-00A0C91BC942}") = "ch-09 Assignment", "ch-09 Assignment\ch-09 Assignment.vcxproj", "{F708DED5-7BE7-4A92-AB33-F585EA2B46F9}"
EndProject
Project("{8BC9CEB8-8B4A-11D0-8D11-00A0C91BC942}") = "ch-10", "ch-10\ch-10.vcxproj", "{91B254CA-EAC4-4492-B523-B7461FB61B59}"
EndProject
Project("{8BC9CEB8-8B4A-11D0-8D11-00A0C91BC942}") = "ch-10 Assignment", "ch-10 Assignment\ch-10 Assignment.vcxproj", "{E7529715-08D2-4F4E-90CA-B7246E7F6C22}"
EndProject
Project("{8BC9CEB8-8B4A-11D0-8D11-00A0C91BC942}") = "ch-11", "ch-11\ch-11.vcxproj", "{EE1D96D6-6583-4D2B-93C5-59A861C8A152}"
EndProject
Project("{8BC9CEB8-8B4A-11D0-8D11-00A0C91BC942}") = "ch-11 Assignment", "ch-11 Assignment\ch-11 Assignment.vcxproj", "{BF64A795-4804-4D32-A730-E8645DA824F4}"
EndProject
Project("{8BC9CEB8-8B4A-11D0-8D11-00A0C91BC942}") = "ch-12", "ch-12\ch-12.vcxproj", "{121BB87A-4FDE-4025-815B-18DA0485915D}"
EndProject
Project("{8BC9CEB8-8B4A-11D0-8D11-00A0C91BC942}") = "ch-12 Assignment", "ch-12 Assignment\ch-12 Assignment.vcxproj", "{7609530B-2542-4A60-84AA-63D041D39C22}"
EndProject
Project("{8BC9CEB8-8B4A-11D0-8D11-00A0C91BC942}") = "ch-13", "ch-13\ch-13.vcxproj", "{FC5872CC-0E2D-4D7F-8F83-264A16D4C8CF}"
EndProject
Project("{8BC9CEB8-8B4A-11D0-8D11-00A0C91BC942}") = "ch-13 Assignment", "ch-13 Assignment\ch-13 Assignment.vcxproj", "{2FF2AD10-33D9-4B1B-ACCB-9BA5B823AD3B}"
EndProject
Global
	GlobalSection(SolutionConfigurationPlatforms) = preSolution
		Debug|x64 = Debug|x64
		Debug|x86 = Debug|x86
		Release|x64 = Release|x64
		Release|x86 = Release|x86
	EndGlobalSection
	GlobalSection(ProjectConfigurationPlatforms) = postSolution
		{F84FE9B5-319A-4040-A0BA-7F63822A7B44}.Debug|x64.ActiveCfg = Debug|x64
		{F84FE9B5-319A-4040-A0BA-7F63822A7B44}.Debug|x64.Build.0 = Debug|x64
		{F84FE9B5-319A-4040-A0BA-7F63822A7B44}.Debug|x86.ActiveCfg = Debug|Win32
		{F84FE9B5-319A-4040-A0BA-7F63822A7B44}.Debug|x86.Build.0 = Debug|Win32
		{F84FE9B5-319A-4040-A0BA-7F63822A7B44}.Release|x64.ActiveCfg = Release|x64
		{F84FE9B5-319A-4040-A0BA-7F63822A7B44}.Release|x64.Build.0 = Release|x64
		{F84FE9B5-319A-4040-A0BA-7F63822A7B44}.Release|x86.ActiveCfg = Release|Win32
		{F84FE9B5-319A-4040-A0BA-7F63822A7B44}.Release|x86.Build.0 = Release|Win32
		{C5C56101-50EE-49E5-B8DC-EBDCCCF8F775}.Debug|x64.ActiveCfg = Debug|x64
		{C5C56101-50EE-49E5-B8DC-EBDCCCF8F775}.Debug|x64.Build.0 = Debug|x64
		{C5C56101-50EE-49E5-B8DC-EBDCCCF8F775}.Debug|x86.ActiveCfg = Debug|Win32
		{C5C56101-50EE-49E5-B8DC-EBDCCCF8F775}.Debug|x86.Build.0 = Debug|Win32
		{C5C56101-50EE-49E5-B8DC-EBDCCCF8F775}.Release|x64.ActiveCfg = Release|x64
		{C5C56101-50EE-49E5-B8DC-EBDCCCF8F775}.Release|x64.Build.0 = Release|x64
		{C5C56101-50EE-49E5-B8DC-EBDCCCF8F775}.Release|x86.ActiveCfg = Release|Win32
		{C5C56101-50EE-49E5-B8DC-EBDCCCF8F775}.Release|x86.Build.0 = Release|Win32
		{0CD5D436-65F4-4EF6-B6B7-AFB5C325D5A3}.Debug|x64.ActiveCfg = Debug|x64
		{0CD5D436-65F4-4EF6-B6B7-AFB5C325D5A3}.Debug|x64.Build.0 = Debug|x64
		{0CD5D436-65F4-4EF6-B6B7-AFB5C325D5A3}.Debug|x86.ActiveCfg = Debug|Win32
		{0CD5D436-65F4-4EF6-B6B7-AFB5C325D5A3}.Debug|x86.Build.0 = Debug|Win32
		{0CD5D436-65F4-4EF6-B6B7-AFB5C325D5A3}.Release|x64.ActiveCfg = Release|x64
		{0CD5D436-65F4-4EF6-B6B7-AFB5C325D5A3}.Release|x64.Build.0 = Release|x64
		{0CD5D436-65F4-4EF6-B6B7-AFB5C325D5A3}.Release|x86.ActiveCfg = Release|Win32
		{0CD5D436-65F4-4EF6-B6B7-AFB5C325D5A3}.Release|x86.Build.0 = Release|Win32
		{F2E7BC33-52BD-4EFF-843A-3D76CA33665A}.Debug|x64.ActiveCfg = Debug|x64
		{F2E7BC33-52BD-4EFF-843A-3D76CA33665A}.Debug|x64.Build.0 = Debug|x64
		{F2E7BC33-52BD-4EFF-843A-3D76CA33665A}.Debug|x86.ActiveCfg = Debug|Win32
		{F2E7BC33-52BD-4EFF-843A-3D76CA33665A}.Debug|x86.Build.0 = Debug|Win32
		{F2E7BC33-52BD-4EFF-843A-3D76CA33665A}.Release|x64.ActiveCfg = Release|x64
		{F2E7BC33-52BD-4EFF-843A-3D76CA33665A}.Release|x64.Build.0 = Release|x64
		{F2E7BC33-52BD-4EFF-843A-3D76CA33665A}.Release|x86.ActiveCfg = Release|Win32
		{F2E7BC33-52BD-4EFF-843A-3D76CA33665A}.Release|x86.Build.0 = Release|Win32
		{88EC1D57-2747-4550-9E88-23326B5708DC}.Debug|x64.ActiveCfg = Debug|x64
		{88EC1D57-2747-4550-9E88-23326B5708DC}.Debug|x64.Build.0 = Debug|x64
		{88EC1D57-2747-4550-9E88-23326B5708DC}.Debug|x86.ActiveCfg = Debug|Win32
		{88EC1D57-2747-4550-9E88-23326B5708DC}.Debug|x86.Build.0 = Debug|Win32
		{88EC1D57-2747-4550-9E88-23326B5708DC}.Release|x64.ActiveCfg = Release|x64
		{88EC1D57-2747-4550-9E88-23326B5708DC}.Release|x64.Build.0 = Release|x64
		{88EC1D57-2747-4550-9E88-23326B5708DC}.Release|x86.ActiveCfg = Release|Win32
		{88EC1D57-2747-4550-9E88-23326B5708DC}.Release|x86.Build.0 = Release|Win32
		{F708DED5-7BE7-4A92-AB33-F585EA2B46F9}.Debug|x64.ActiveCfg = Debug|x64
		{F708DED5-7BE7-4A92-AB33-F585EA2B46F9}.Debug|x64.Build.0 = Debug|x64
		{F708DED5-7BE7-4A92-AB33-F585EA2B46F9}.Debug|x86.ActiveCfg = Debug|Win32
		{F708DED5-7BE7-4A92-AB33-F585EA2B46F9}.Debug|x86.Build.0 = Debug|Win32
		{F708DED5-7BE7-4A92-AB33-F585EA2B46F9}.Release|x64.ActiveCfg = Release|x64
		{F708DED5-7BE7-4A92-AB33-F585EA2B46F9}.Release|x64.Build.0 = Release|x64
		{F708DED5-7BE7-4A92-AB33-F585EA2B46F9}.Release|x86.ActiveCfg = Release|Win32
		{F708DED5-7BE7-4A92-AB33-F585EA2B46F9}.Release|x86.Build.0 = Release|Win32
		{91B254CA-EAC4-4492-B523-B7461FB61B59}.Debug|x64.ActiveCfg = Debug|x64
		{91B254CA-EAC4-4492-B523-B7461FB61B59}.Debug|x64.Build.0 = Debug|x64
		{91B254CA-EAC4-4492-B523-B7461FB61B59}.Debug|x86.ActiveCfg = Debug|Win32
		{91B254CA-EAC4-4492-B523-B7461FB61B59}.Debug|x86.Build.0 = Debug|Win32
		{91B254CA-EAC4-4492-B523-B7461FB61B59}.Release|x64.ActiveCfg = Release|x64
		{91B254CA-EAC4-4492-B523-B7461FB61B59}.Release|x64.Build.0 = Release|x64
		{91B254CA-EAC4-4492-B523-B7461FB61B59}.Release|x86.ActiveCfg = Release|Win32
		{91B254CA-EAC4-4492-B523-B7461FB61B59}.Release|x86.Build.0 = Release|Win32
		{E7529715-08D2-4F4E-90CA-B7246E7F6C22}.Debug|x64.ActiveCfg = Debug|x64
		{E7529715-08D2-4F4E-90CA-B7246E7F6C22}.Debug|x64.Build.0 = Debug|x64
		{E7529715-08D2-4F4E-90CA-B7246E7F6C22}.Debug|x86.ActiveCfg = Debug|Win32
		{E7529715-08D2-4F4E-90CA-B7246E7F6C22}.Debug|x86.Build.0 = Debug|Win32
		{E7529715-08D2-4F4E-90CA-B7246E7F6C22}.Release|x64.ActiveCfg = Release|x64
		{E7529715-08D2-4F4E-90CA-B7246E7F6C22}.Release|x64.Build.0 = Release|x64
		{E7529715-08D2-4F4E-90CA-B7246E7F6C22}.Release|x86.ActiveCfg = Release|Win32
		{E7529715-08D2-4F4E-90CA-B7246E7F6C22}.Release|x86.Build.0 = Release|Win32
		{EE1D96D6-6583-4D2B-93C5-59A861C8A152}.Debug|x64.ActiveCfg = Debug|x64
		{EE1D96D6-6583-4D2B-93C5-59A861C8A152}.Debug|x64.Build.0 = Debug|x64
		{EE1D96D6-6583-4D2B-93C5-59A861C8A152}.Debug|x86.ActiveCfg = Debug|Win32
		{EE1D96D6-6583-4D2B-93C5-59A861C8A152}.Debug|x86.Build.0 = Debug|Win32
		{EE1D96D6-6583-4D2B-93C5-59A861C8A152}.Release|x64.ActiveCfg = Release|x64
		{EE1D96D6-6583-4D2B-93C5-59A861C8A152}.Release|x64.Build.0 = Release|x64
		{EE1D96D6-6583-4D2B-93C5-59A861C8A152}.Release|x86.ActiveCfg = Release|Win32
		{EE1D96D6-6583-4D2B-93C5-59A861C8A152}.Release|x86.Build.0 = Release|Win32
		{BF64A795-4804-4D32-A730-E8645DA824F4}.Debug|x64.ActiveCfg = Debug|x64
		{BF64A795-4804-4D32-A730-E8645DA824F4}.Debug|x64.Build.0 = Debug|x64
		{BF64A795-4804-4D32-A730-E8645DA824F4}.Debug|x86.ActiveCfg = Debug|Win32
		{BF64A795-4804-4D32-A730-E8645DA824F4}.Debug|x86.Build.0 = Debug|Win32
		{BF64A795-4804-4D32-A730-E8645DA824F4}.Release|x64.ActiveCfg = Release|x64
		{BF64A795-4804-4D32-A730-E8645DA824F4}.Release|x64.Build.0 = Release|x64
		{BF64A795-4804-4D32-A730-E8645DA824F4}.Release|x86.ActiveCfg = Release|Win32
		{BF64A795-4804-4D32-A730-E8645DA824F4}.Release|x86.Build.0 = Release|Win32
		{121BB87A-4FDE-4025-815B-18DA0485915D}.Debug|x64.ActiveCfg = Debug|x64
		{121BB87A-4FDE-4025-815B-18DA0485915D}.Debug|x64.Build.0 = Debug|x64
		{121BB87A-4FDE-4025-815B-18DA0485915D}.Debug|x86.ActiveCfg = Debug|Win32
		{121BB87A-4FDE-4025-815B-18DA0485915D}.Debug|x86.Build.0 = Debug|Win32
		{121BB87A-4FDE-4025-815B-18DA0485915D}.Release|x64.ActiveCfg = Release|x64
		{121BB87A-4FDE-4025-815B-18DA0485915D}.Release|x64.Build.0 = Release|x64
		{121BB87A-4FDE-4025-815B-18DA0485915D}.Release|x86.ActiveCfg = Release|Win32
		{121BB87A-4FDE-4025-815B-18DA0485915D}.Release|x86.Build.0 = Release|Win32
		{7609530B-2542-4A60-84AA-63D041D39C22}.Debug|x64.ActiveCfg = Debug|x64
		{7609530B-2542-4A60-84AA-63D041D39C22}.Debug|x64.Build.0 = Debug|x64
		{7609530B-2542-4A60-84AA-63D041D39C22}.Debug|x86.ActiveCfg = Debug|Win32
		{7609530B-2542-4A60-84AA-63D041D39C22}.Debug|x86.Build.0 = Debug|Win32
		{7609530B-2542-4A60-84AA-63D041D39C22}.Release|x64.ActiveCfg = Release|x64
		{7609530B-2542-4A60-84AA-63D041D39C22}.Release|x64.Build.0 = Release|x64
		{7609530B-2542-4A60-84AA-63D041D39C22}.Release|x86.ActiveCfg = Release|Win32
		{7609530B-2542-4A60-84AA-63D041D39C22}.Release|x86.Build.0 = Release|Win32
		{FC5872CC-0E2D-4D7F-8F83-264A16D4C8CF}.Debug|x64.ActiveCfg = Debug|x64
		{FC5872CC-0E2D-4D7F-8F83-264A16D4C8CF}.Debug|x64.Build.0 = Debug|x64
		{FC5872CC-0E2D-4D7F-8F83-264A16D4C8CF}.Debug|x86.ActiveCfg = Debug|Win32
		{FC5872CC-0E2D-4D7F-8F83-264A16D4C8CF}.Debug|x86.Build.0 = Debug|Win32
		{FC5872CC-0E2D-4D7F-8F83-264A16D4C8CF}.Release|x64.ActiveCfg = Release|x64
		{FC5872CC-0E2D-4D7F-8F83-264A16D4C8CF}.Release|x64.Build.0 = Release|x64
		{FC5872CC-0E2D-4D7F-8F83-264A16D4C8CF}.Release|x86.ActiveCfg = Release|Win32
		{FC5872CC-0E2D-4D7F-8F83-264A16D4C8CF}.Release|x86.Build.0 = Release|Win32
		{2FF2AD10-33D9-4B1B-ACCB-9BA5B823AD3B}.Debug|x64.ActiveCfg = Debug|x64
		{2FF2AD10-33D9-4B1B-ACCB-9BA5B823AD3B}.Debug|x64.Build.0 = Debug|x64
		{2FF2AD10-33D9-4B1B-ACCB-9BA5B823AD3B}.Debug|x86.ActiveCfg = Debug|Win32
		{2FF2AD10-33D9-4B1B-ACCB-9BA5B823AD3B}.Debug|x86.Build.0 = Debug|Win32
		{2FF2AD10-33D9-4B1B-ACCB-9BA5B823AD3B}.Release|x64.ActiveCfg = Release|x64
		{2FF2AD10-33D9-4B1B-ACCB-9BA5B823AD3B}.Release|x64.Build.0 = Release|x64
		{2FF2AD10-33D9-4B1B-ACCB-9BA5B823AD3B}.Release|x86.ActiveCfg = Release|Win32
		{2FF2AD10-33D9-4B1B-ACCB-9BA5B823AD3B}.Release|x86.Build.0 = Release|Win32
	EndGlobalSection
	GlobalSection(SolutionProperties) = preSolution
		HideSolutionNode = FALSE
	EndGlobalSection
	GlobalSection(ExtensibilityGlobals) = postSolution
		SolutionGuid = {C090B579-CEDC-4A3D-8B5A-ECB271F9AA7A}
	EndGlobalSection
EndGlobal
